// !$*UTF8*$!
{
	archiveVersion = 1;
	classes = {
	};
	objectVersion = 56;
	objects = {

/* Begin PBXBuildFile section */
		4A48E53A2B5C660900479778 /* ViewController.swift in Sources */ = {isa = PBXBuildFile; fileRef = 4A48E5392B5C660900479778 /* ViewController.swift */; };
		4A48E53E2B5C66BC00479778 /* MainView.swift in Sources */ = {isa = PBXBuildFile; fileRef = 4A48E53D2B5C66BC00479778 /* MainView.swift */; };
		4A48E5402B5C66DA00479778 /* ThoughtsView.swift in Sources */ = {isa = PBXBuildFile; fileRef = 4A48E53F2B5C66DA00479778 /* ThoughtsView.swift */; };
		4A48E5422B5C66F500479778 /* ThoughtModel.swift in Sources */ = {isa = PBXBuildFile; fileRef = 4A48E5412B5C66F500479778 /* ThoughtModel.swift */; };
		4A48E5452B5C83DD00479778 /* DataModel.swift in Sources */ = {isa = PBXBuildFile; fileRef = 4A48E5442B5C83DD00479778 /* DataModel.swift */; };
		4A690B212B507C5B00D4A044 /* AppDelegate.swift in Sources */ = {isa = PBXBuildFile; fileRef = 4A690B202B507C5B00D4A044 /* AppDelegate.swift */; };
		4A690B232B507C5B00D4A044 /* SceneDelegate.swift in Sources */ = {isa = PBXBuildFile; fileRef = 4A690B222B507C5B00D4A044 /* SceneDelegate.swift */; };
		4A690B2A2B507C5D00D4A044 /* Assets.xcassets in Resources */ = {isa = PBXBuildFile; fileRef = 4A690B292B507C5D00D4A044 /* Assets.xcassets */; };
		4A690B2D2B507C5D00D4A044 /* LaunchScreen.storyboard in Resources */ = {isa = PBXBuildFile; fileRef = 4A690B2B2B507C5D00D4A044 /* LaunchScreen.storyboard */; };
		4A7E8F192B6048C40000D83C /* LoginView.swift in Sources */ = {isa = PBXBuildFile; fileRef = 4A7E8F182B6048C40000D83C /* LoginView.swift */; };
		4A7E8F1B2B605B8C0000D83C /* LoginModel.swift in Sources */ = {isa = PBXBuildFile; fileRef = 4A7E8F1A2B605B8C0000D83C /* LoginModel.swift */; };
/* End PBXBuildFile section */

/* Begin PBXFileReference section */
		4A48E5392B5C660900479778 /* ViewController.swift */ = {isa = PBXFileReference; fileEncoding = 4; lastKnownFileType = sourcecode.swift; path = ViewController.swift; sourceTree = "<group>"; };
		4A48E53D2B5C66BC00479778 /* MainView.swift */ = {isa = PBXFileReference; lastKnownFileType = sourcecode.swift; path = MainView.swift; sourceTree = "<group>"; };
		4A48E53F2B5C66DA00479778 /* ThoughtsView.swift */ = {isa = PBXFileReference; lastKnownFileType = sourcecode.swift; path = ThoughtsView.swift; sourceTree = "<group>"; };
		4A48E5412B5C66F500479778 /* ThoughtModel.swift */ = {isa = PBXFileReference; lastKnownFileType = sourcecode.swift; path = ThoughtModel.swift; sourceTree = "<group>"; };
		4A48E5442B5C83DD00479778 /* DataModel.swift */ = {isa = PBXFileReference; lastKnownFileType = sourcecode.swift; path = DataModel.swift; sourceTree = "<group>"; };
		4A690B1D2B507C5B00D4A044 /* social-media-app.app */ = {isa = PBXFileReference; explicitFileType = wrapper.application; includeInIndex = 0; path = "social-media-app.app"; sourceTree = BUILT_PRODUCTS_DIR; };
		4A690B202B507C5B00D4A044 /* AppDelegate.swift */ = {isa = PBXFileReference; lastKnownFileType = sourcecode.swift; path = AppDelegate.swift; sourceTree = "<group>"; };
		4A690B222B507C5B00D4A044 /* SceneDelegate.swift */ = {isa = PBXFileReference; lastKnownFileType = sourcecode.swift; path = SceneDelegate.swift; sourceTree = "<group>"; };
		4A690B292B507C5D00D4A044 /* Assets.xcassets */ = {isa = PBXFileReference; lastKnownFileType = folder.assetcatalog; path = Assets.xcassets; sourceTree = "<group>"; };
		4A690B2C2B507C5D00D4A044 /* Base */ = {isa = PBXFileReference; lastKnownFileType = file.storyboard; name = Base; path = Base.lproj/LaunchScreen.storyboard; sourceTree = "<group>"; };
		4A690B2E2B507C5D00D4A044 /* Info.plist */ = {isa = PBXFileReference; lastKnownFileType = text.plist.xml; path = Info.plist; sourceTree = "<group>"; };
		4A7E8F182B6048C40000D83C /* LoginView.swift */ = {isa = PBXFileReference; lastKnownFileType = sourcecode.swift; path = LoginView.swift; sourceTree = "<group>"; };
		4A7E8F1A2B605B8C0000D83C /* LoginModel.swift */ = {isa = PBXFileReference; lastKnownFileType = sourcecode.swift; path = LoginModel.swift; sourceTree = "<group>"; };
/* End PBXFileReference section */

/* Begin PBXFrameworksBuildPhase section */
		4A690B1A2B507C5B00D4A044 /* Frameworks */ = {
			isa = PBXFrameworksBuildPhase;
			buildActionMask = 2147483647;
			files = (
			);
			runOnlyForDeploymentPostprocessing = 0;
		};
/* End PBXFrameworksBuildPhase section */

/* Begin PBXGroup section */
		4A48E53B2B5C660D00479778 /* View */ = {
			isa = PBXGroup;
			children = (
				4A7E8F182B6048C40000D83C /* LoginView.swift */,
				4A48E5392B5C660900479778 /* ViewController.swift */,
				4A48E53D2B5C66BC00479778 /* MainView.swift */,
				4A48E53F2B5C66DA00479778 /* ThoughtsView.swift */,
			);
			path = View;
			sourceTree = "<group>";
		};
		4A48E5432B5C66FC00479778 /* Model */ = {
			isa = PBXGroup;
			children = (
				4A48E5412B5C66F500479778 /* ThoughtModel.swift */,
				4A48E5442B5C83DD00479778 /* DataModel.swift */,
				4A7E8F1A2B605B8C0000D83C /* LoginModel.swift */,
			);
			path = Model;
			sourceTree = "<group>";
		};
		4A690B142B507C5B00D4A044 = {
			isa = PBXGroup;
			children = (
				4A690B1F2B507C5B00D4A044 /* social-media-app */,
				4A690B1E2B507C5B00D4A044 /* Products */,
			);
			sourceTree = "<group>";
		};
		4A690B1E2B507C5B00D4A044 /* Products */ = {
			isa = PBXGroup;
			children = (
				4A690B1D2B507C5B00D4A044 /* social-media-app.app */,
			);
			name = Products;
			sourceTree = "<group>";
		};
		4A690B1F2B507C5B00D4A044 /* social-media-app */ = {
			isa = PBXGroup;
			children = (
				4A48E5432B5C66FC00479778 /* Model */,
				4A48E53B2B5C660D00479778 /* View */,
				4A690B202B507C5B00D4A044 /* AppDelegate.swift */,
				4A690B222B507C5B00D4A044 /* SceneDelegate.swift */,
				4A690B292B507C5D00D4A044 /* Assets.xcassets */,
				4A690B2B2B507C5D00D4A044 /* LaunchScreen.storyboard */,
				4A690B2E2B507C5D00D4A044 /* Info.plist */,
			);
			path = "social-media-app";
			sourceTree = "<group>";
		};
/* End PBXGroup section */

/* Begin PBXNativeTarget section */
		4A690B1C2B507C5B00D4A044 /* social-media-app */ = {
			isa = PBXNativeTarget;
			buildConfigurationList = 4A690B312B507C5D00D4A044 /* Build configuration list for PBXNativeTarget "social-media-app" */;
			buildPhases = (
				4A690B192B507C5B00D4A044 /* Sources */,
				4A690B1A2B507C5B00D4A044 /* Frameworks */,
				4A690B1B2B507C5B00D4A044 /* Resources */,
			);
			buildRules = (
			);
			dependencies = (
			);
			name = "social-media-app";
			productName = "social-media-app";
			productReference = 4A690B1D2B507C5B00D4A044 /* social-media-app.app */;
			productType = "com.apple.product-type.application";
		};
/* End PBXNativeTarget section */

/* Begin PBXProject section */
		4A690B152B507C5B00D4A044 /* Project object */ = {
			isa = PBXProject;
			attributes = {
				BuildIndependentTargetsInParallel = 1;
				LastSwiftUpdateCheck = 1510;
				LastUpgradeCheck = 1510;
				TargetAttributes = {
					4A690B1C2B507C5B00D4A044 = {
						CreatedOnToolsVersion = 15.1;
					};
				};
			};
			buildConfigurationList = 4A690B182B507C5B00D4A044 /* Build configuration list for PBXProject "social-media-app" */;
			compatibilityVersion = "Xcode 14.0";
			developmentRegion = en;
			hasScannedForEncodings = 0;
			knownRegions = (
				en,
				Base,
			);
			mainGroup = 4A690B142B507C5B00D4A044;
			productRefGroup = 4A690B1E2B507C5B00D4A044 /* Products */;
			projectDirPath = "";
			projectRoot = "";
			targets = (
				4A690B1C2B507C5B00D4A044 /* social-media-app */,
			);
		};
/* End PBXProject section */

/* Begin PBXResourcesBuildPhase section */
		4A690B1B2B507C5B00D4A044 /* Resources */ = {
			isa = PBXResourcesBuildPhase;
			buildActionMask = 2147483647;
			files = (
				4A690B2D2B507C5D00D4A044 /* LaunchScreen.storyboard in Resources */,
				4A690B2A2B507C5D00D4A044 /* Assets.xcassets in Resources */,
			);
			runOnlyForDeploymentPostprocessing = 0;
		};
/* End PBXResourcesBuildPhase section */

/* Begin PBXSourcesBuildPhase section */
		4A690B192B507C5B00D4A044 /* Sources */ = {
			isa = PBXSourcesBuildPhase;
			buildActionMask = 2147483647;
			files = (
				4A48E5452B5C83DD00479778 /* DataModel.swift in Sources */,
				4A48E53A2B5C660900479778 /* ViewController.swift in Sources */,
				4A7E8F192B6048C40000D83C /* LoginView.swift in Sources */,
				4A48E53E2B5C66BC00479778 /* MainView.swift in Sources */,
				4A7E8F1B2B605B8C0000D83C /* LoginModel.swift in Sources */,
				4A690B212B507C5B00D4A044 /* AppDelegate.swift in Sources */,
				4A48E5422B5C66F500479778 /* ThoughtModel.swift in Sources */,
				4A48E5402B5C66DA00479778 /* ThoughtsView.swift in Sources */,
				4A690B232B507C5B00D4A044 /* SceneDelegate.swift in Sources */,
			);
			runOnlyForDeploymentPostprocessing = 0;
		};
/* End PBXSourcesBuildPhase section */

/* Begin PBXVariantGroup section */
		4A690B2B2B507C5D00D4A044 /* LaunchScreen.storyboard */ = {
			isa = PBXVariantGroup;
			children = (
				4A690B2C2B507C5D00D4A044 /* Base */,
			);
			name = LaunchScreen.storyboard;
			sourceTree = "<group>";
		};
/* End PBXVariantGroup section */

/* Begin XCBuildConfiguration section */
		4A690B2F2B507C5D00D4A044 /* Debug */ = {
			isa = XCBuildConfiguration;
			buildSettings = {
				ALWAYS_SEARCH_USER_PATHS = NO;
				ASSETCATALOG_COMPILER_GENERATE_SWIFT_ASSET_SYMBOL_EXTENSIONS = YES;
				CLANG_ANALYZER_NONNULL = YES;
				CLANG_ANALYZER_NUMBER_OBJECT_CONVERSION = YES_AGGRESSIVE;
				CLANG_CXX_LANGUAGE_STANDARD = "gnu++20";
				CLANG_ENABLE_MODULES = YES;
				CLANG_ENABLE_OBJC_ARC = YES;
				CLANG_ENABLE_OBJC_WEAK = YES;
				CLANG_WARN_BLOCK_CAPTURE_AUTORELEASING = YES;
				CLANG_WARN_BOOL_CONVERSION = YES;
				CLANG_WARN_COMMA = YES;
				CLANG_WARN_CONSTANT_CONVERSION = YES;
				CLANG_WARN_DEPRECATED_OBJC_IMPLEMENTATIONS = YES;
				CLANG_WARN_DIRECT_OBJC_ISA_USAGE = YES_ERROR;
				CLANG_WARN_DOCUMENTATION_COMMENTS = YES;
				CLANG_WARN_EMPTY_BODY = YES;
				CLANG_WARN_ENUM_CONVERSION = YES;
				CLANG_WARN_INFINITE_RECURSION = YES;
				CLANG_WARN_INT_CONVERSION = YES;
				CLANG_WARN_NON_LITERAL_NULL_CONVERSION = YES;
				CLANG_WARN_OBJC_IMPLICIT_RETAIN_SELF = YES;
				CLANG_WARN_OBJC_LITERAL_CONVERSION = YES;
				CLANG_WARN_OBJC_ROOT_CLASS = YES_ERROR;
				CLANG_WARN_QUOTED_INCLUDE_IN_FRAMEWORK_HEADER = YES;
				CLANG_WARN_RANGE_LOOP_ANALYSIS = YES;
				CLANG_WARN_STRICT_PROTOTYPES = YES;
				CLANG_WARN_SUSPICIOUS_MOVE = YES;
				CLANG_WARN_UNGUARDED_AVAILABILITY = YES_AGGRESSIVE;
				CLANG_WARN_UNREACHABLE_CODE = YES;
				CLANG_WARN__DUPLICATE_METHOD_MATCH = YES;
				COPY_PHASE_STRIP = NO;
				DEBUG_INFORMATION_FORMAT = dwarf;
				ENABLE_STRICT_OBJC_MSGSEND = YES;
				ENABLE_TESTABILITY = YES;
				ENABLE_USER_SCRIPT_SANDBOXING = YES;
				GCC_C_LANGUAGE_STANDARD = gnu17;
				GCC_DYNAMIC_NO_PIC = NO;
				GCC_NO_COMMON_BLOCKS = YES;
				GCC_OPTIMIZATION_LEVEL = 0;
				GCC_PREPROCESSOR_DEFINITIONS = (
					"DEBUG=1",
					"$(inherited)",
				);
				GCC_WARN_64_TO_32_BIT_CONVERSION = YES;
				GCC_WARN_ABOUT_RETURN_TYPE = YES_ERROR;
				GCC_WARN_UNDECLARED_SELECTOR = YES;
				GCC_WARN_UNINITIALIZED_AUTOS = YES_AGGRESSIVE;
				GCC_WARN_UNUSED_FUNCTION = YES;
				GCC_WARN_UNUSED_VARIABLE = YES;
				IPHONEOS_DEPLOYMENT_TARGET = 17.2;
				LOCALIZATION_PREFERS_STRING_CATALOGS = YES;
				MTL_ENABLE_DEBUG_INFO = INCLUDE_SOURCE;
				MTL_FAST_MATH = YES;
				ONLY_ACTIVE_ARCH = YES;
				SDKROOT = iphoneos;
				SWIFT_ACTIVE_COMPILATION_CONDITIONS = "DEBUG $(inherited)";
				SWIFT_OPTIMIZATION_LEVEL = "-Onone";
			};
			name = Debug;
		};
		4A690B302B507C5D00D4A044 /* Release */ = {
			isa = XCBuildConfiguration;
			buildSettings = {
				ALWAYS_SEARCH_USER_PATHS = NO;
				ASSETCATALOG_COMPILER_GENERATE_SWIFT_ASSET_SYMBOL_EXTENSIONS = YES;
				CLANG_ANALYZER_NONNULL = YES;
				CLANG_ANALYZER_NUMBER_OBJECT_CONVERSION = YES_AGGRESSIVE;
				CLANG_CXX_LANGUAGE_STANDARD = "gnu++20";
				CLANG_ENABLE_MODULES = YES;
				CLANG_ENABLE_OBJC_ARC = YES;
				CLANG_ENABLE_OBJC_WEAK = YES;
				CLANG_WARN_BLOCK_CAPTURE_AUTORELEASING = YES;
				CLANG_WARN_BOOL_CONVERSION = YES;
				CLANG_WARN_COMMA = YES;
				CLANG_WARN_CONSTANT_CONVERSION = YES;
				CLANG_WARN_DEPRECATED_OBJC_IMPLEMENTATIONS = YES;
				CLANG_WARN_DIRECT_OBJC_ISA_USAGE = YES_ERROR;
				CLANG_WARN_DOCUMENTATION_COMMENTS = YES;
				CLANG_WARN_EMPTY_BODY = YES;
				CLANG_WARN_ENUM_CONVERSION = YES;
				CLANG_WARN_INFINITE_RECURSION = YES;
				CLANG_WARN_INT_CONVERSION = YES;
				CLANG_WARN_NON_LITERAL_NULL_CONVERSION = YES;
				CLANG_WARN_OBJC_IMPLICIT_RETAIN_SELF = YES;
				CLANG_WARN_OBJC_LITERAL_CONVERSION = YES;
				CLANG_WARN_OBJC_ROOT_CLASS = YES_ERROR;
				CLANG_WARN_QUOTED_INCLUDE_IN_FRAMEWORK_HEADER = YES;
				CLANG_WARN_RANGE_LOOP_ANALYSIS = YES;
				CLANG_WARN_STRICT_PROTOTYPES = YES;
				CLANG_WARN_SUSPICIOUS_MOVE = YES;
				CLANG_WARN_UNGUARDED_AVAILABILITY = YES_AGGRESSIVE;
				CLANG_WARN_UNREACHABLE_CODE = YES;
				CLANG_WARN__DUPLICATE_METHOD_MATCH = YES;
				COPY_PHASE_STRIP = NO;
				DEBUG_INFORMATION_FORMAT = "dwarf-with-dsym";
				ENABLE_NS_ASSERTIONS = NO;
				ENABLE_STRICT_OBJC_MSGSEND = YES;
				ENABLE_USER_SCRIPT_SANDBOXING = YES;
				GCC_C_LANGUAGE_STANDARD = gnu17;
				GCC_NO_COMMON_BLOCKS = YES;
				GCC_WARN_64_TO_32_BIT_CONVERSION = YES;
				GCC_WARN_ABOUT_RETURN_TYPE = YES_ERROR;
				GCC_WARN_UNDECLARED_SELECTOR = YES;
				GCC_WARN_UNINITIALIZED_AUTOS = YES_AGGRESSIVE;
				GCC_WARN_UNUSED_FUNCTION = YES;
				GCC_WARN_UNUSED_VARIABLE = YES;
				IPHONEOS_DEPLOYMENT_TARGET = 17.2;
				LOCALIZATION_PREFERS_STRING_CATALOGS = YES;
				MTL_ENABLE_DEBUG_INFO = NO;
				MTL_FAST_MATH = YES;
				SDKROOT = iphoneos;
				SWIFT_COMPILATION_MODE = wholemodule;
				VALIDATE_PRODUCT = YES;
			};
			name = Release;
		};
		4A690B322B507C5D00D4A044 /* Debug */ = {
			isa = XCBuildConfiguration;
			buildSettings = {
				ASSETCATALOG_COMPILER_APPICON_NAME = AppIcon;
				ASSETCATALOG_COMPILER_GLOBAL_ACCENT_COLOR_NAME = AccentColor;
				CODE_SIGN_STYLE = Automatic;
				CURRENT_PROJECT_VERSION = 1;
				GENERATE_INFOPLIST_FILE = YES;
				INFOPLIST_FILE = "social-media-app/Info.plist";
				INFOPLIST_KEY_UIApplicationSupportsIndirectInputEvents = YES;
				INFOPLIST_KEY_UILaunchStoryboardName = LaunchScreen;
				INFOPLIST_KEY_UISupportedInterfaceOrientations_iPad = "UIInterfaceOrientationPortrait UIInterfaceOrientationPortraitUpsideDown UIInterfaceOrientationLandscapeLeft UIInterfaceOrientationLandscapeRight";
				INFOPLIST_KEY_UISupportedInterfaceOrientations_iPhone = "UIInterfaceOrientationPortrait UIInterfaceOrientationLandscapeLeft UIInterfaceOrientationLandscapeRight";
				IPHONEOS_DEPLOYMENT_TARGET = 13.0;
				LD_RUNPATH_SEARCH_PATHS = (
					"$(inherited)",
					"@executable_path/Frameworks",
				);
				MARKETING_VERSION = 1.0;
				PRODUCT_BUNDLE_IDENTIFIER = "com.example.social-media-app";
				PRODUCT_NAME = "$(TARGET_NAME)";
				SWIFT_EMIT_LOC_STRINGS = YES;
				SWIFT_VERSION = 5.0;
				TARGETED_DEVICE_FAMILY = "1,2";
			};
			name = Debug;
		};
		4A690B332B507C5D00D4A044 /* Release */ = {
			isa = XCBuildConfiguration;
			buildSettings = {
				ASSETCATALOG_COMPILER_APPICON_NAME = AppIcon;
				ASSETCATALOG_COMPILER_GLOBAL_ACCENT_COLOR_NAME = AccentColor;
				CODE_SIGN_STYLE = Automatic;
				CURRENT_PROJECT_VERSION = 1;
				GENERATE_INFOPLIST_FILE = YES;
				INFOPLIST_FILE = "social-media-app/Info.plist";
				INFOPLIST_KEY_UIApplicationSupportsIndirectInputEvents = YES;
				INFOPLIST_KEY_UILaunchStoryboardName = LaunchScreen;
				INFOPLIST_KEY_UISupportedInterfaceOrientations_iPad = "UIInterfaceOrientationPortrait UIInterfaceOrientationPortraitUpsideDown UIInterfaceOrientationLandscapeLeft UIInterfaceOrientationLandscapeRight";
				INFOPLIST_KEY_UISupportedInterfaceOrientations_iPhone = "UIInterfaceOrientationPortrait UIInterfaceOrientationLandscapeLeft UIInterfaceOrientationLandscapeRight";
				IPHONEOS_DEPLOYMENT_TARGET = 13.0;
				LD_RUNPATH_SEARCH_PATHS = (
					"$(inherited)",
					"@executable_path/Frameworks",
				);
				MARKETING_VERSION = 1.0;
				PRODUCT_BUNDLE_IDENTIFIER = "com.example.social-media-app";
				PRODUCT_NAME = "$(TARGET_NAME)";
				SWIFT_EMIT_LOC_STRINGS = YES;
				SWIFT_VERSION = 5.0;
				TARGETED_DEVICE_FAMILY = "1,2";
			};
			name = Release;
		};
/* End XCBuildConfiguration section */

/* Begin XCConfigurationList section */
		4A690B182B507C5B00D4A044 /* Build configuration list for PBXProject "social-media-app" */ = {
			isa = XCConfigurationList;
			buildConfigurations = (
				4A690B2F2B507C5D00D4A044 /* Debug */,
				4A690B302B507C5D00D4A044 /* Release */,
			);
			defaultConfigurationIsVisible = 0;
			defaultConfigurationName = Release;
		};
		4A690B312B507C5D00D4A044 /* Build configuration list for PBXNativeTarget "social-media-app" */ = {
			isa = XCConfigurationList;
			buildConfigurations = (
				4A690B322B507C5D00D4A044 /* Debug */,
				4A690B332B507C5D00D4A044 /* Release */,
			);
			defaultConfigurationIsVisible = 0;
			defaultConfigurationName = Release;
		};
/* End XCConfigurationList section */
	};
	rootObject = 4A690B152B507C5B00D4A044 /* Project object */;
}
